
Microsoft Visual Studio Solution File, Format Version 12.00
# Visual Studio Version 17
VisualStudioVersion = 17.9.34616.47
MinimumVisualStudioVersion = 10.0.40219.1
Project("{FAE04EC0-301F-11D3-BF4B-00C04F79EFBC}") = "ZADANIE_8", "ZADANIE_8.csproj", "{D890A8FD-32DA-45B5-B5F9-F0B49EB46ABC}"
EndProject
Global
	GlobalSection(SolutionConfigurationPlatforms) = preSolution
		Debug|Any CPU = Debug|Any CPU
		Release|Any CPU = Release|Any CPU
	EndGlobalSection
	GlobalSection(ProjectConfigurationPlatforms) = postSolution
		{D890A8FD-32DA-45B5-B5F9-F0B49EB46ABC}.Debug|Any CPU.ActiveCfg = Debug|Any CPU
		{D890A8FD-32DA-45B5-B5F9-F0B49EB46ABC}.Debug|Any CPU.Build.0 = Debug|Any CPU
		{D890A8FD-32DA-45B5-B5F9-F0B49EB46ABC}.Release|Any CPU.ActiveCfg = Release|Any CPU
		{D890A8FD-32DA-45B5-B5F9-F0B49EB46ABC}.Release|Any CPU.Build.0 = Release|Any CPU
	EndGlobalSection
	GlobalSection(SolutionProperties) = preSolution
		HideSolutionNode = FALSE
	EndGlobalSection
	GlobalSection(ExtensibilityGlobals) = postSolution
		SolutionGuid = {41C85127-D1C0-4A4F-A371-0AC62EE7AC0A}
	EndGlobalSection
EndGlobal
